{ archiveVersion = 1; classes = { }; objectVersion = 56; objects = { AA0000000000000000000001 = { isa = PBXFileReference; path = "Sources/SphereView360/App/SphereView360App.swift"; sourceTree = SOURCE_ROOT; lastKnownFileType = "sourcecode.swift"; }; AA0000000000000000000002 = { isa = PBXFileReference; path = "Sources/SphereView360/App/AppDelegate.swift"; sourceTree = SOURCE_ROOT; lastKnownFileType = "sourcecode.swift"; }; AA0000000000000000000003 = { isa = PBXFileReference; path = "Sources/SphereView360/Models/SupportedVideoTypes.swift"; sourceTree = SOURCE_ROOT; lastKnownFileType = "sourcecode.swift"; }; AA0000000000000000000004 = { isa = PBXFileReference; path = "Sources/SphereView360/Models/ViewerStore.swift"; sourceTree = SOURCE_ROOT; lastKnownFileType = "sourcecode.swift"; }; AA0000000000000000000005 = { isa = PBXFileReference; path = "Sources/SphereView360/Services/VideoOpenPanel.swift"; sourceTree = SOURCE_ROOT; lastKnownFileType = "sourcecode.swift"; }; AA0000000000000000000006 = { isa = PBXFileReference; path = "Sources/SphereView360/Services/OpenWithRegistrationService.swift"; sourceTree = SOURCE_ROOT; lastKnownFileType = "sourcecode.swift"; }; AA0000000000000000000007 = { isa = PBXFileReference; path = "Sources/SphereView360/Support/NotificationName+OpenURLs.swift"; sourceTree = SOURCE_ROOT; lastKnownFileType = "sourcecode.swift"; }; AA0000000000000000000008 = { isa = PBXFileReference; path = "Sources/SphereView360/Support/TimeFormatter.swift"; sourceTree = SOURCE_ROOT; lastKnownFileType = "sourcecode.swift"; }; AA0000000000000000000009 = { isa = PBXFileReference; path = "Sources/SphereView360/Support/SharedVideoLoader.swift"; sourceTree = SOURCE_ROOT; lastKnownFileType = "sourcecode.swift"; }; AA0000000000000000000010 = { isa = PBXFileReference; path = "Sources/SphereView360/Views/ContentView.swift"; sourceTree = SOURCE_ROOT; lastKnownFileType = "sourcecode.swift"; }; AA0000000000000000000011 = { isa = PBXFileReference; path = "Sources/SphereView360/Views/PlaybackBar.swift"; sourceTree = SOURCE_ROOT; lastKnownFileType = "sourcecode.swift"; }; AA0000000000000000000012 = { isa = PBXFileReference; path = "Sources/SphereView360/Views/SceneKit360VideoView.swift"; sourceTree = SOURCE_ROOT; lastKnownFileType = "sourcecode.swift"; }; AA0000000000000000000013 = { isa = PBXFileReference; path = "Xcode/SphereView360PhotosExtension/PhotoEditingViewController.swift"; sourceTree = SOURCE_ROOT; lastKnownFileType = "sourcecode.swift"; }; AA0000000000000000000014 = { isa = PBXFileReference; path = "Xcode/SphereView360ShareExtension/ShareViewController.swift"; sourceTree = SOURCE_ROOT; lastKnownFileType = "sourcecode.swift"; }; AA0000000000000000000015 = { isa = PBXFileReference; path = "Xcode/SphereView360iOS/SphereView360MobileApp.swift"; sourceTree = SOURCE_ROOT; lastKnownFileType = "sourcecode.swift"; }; AA0000000000000000000016 = { isa = PBXFileReference; path = "Xcode/SphereView360iOS/MobileContentView.swift"; sourceTree = SOURCE_ROOT; lastKnownFileType = "sourcecode.swift"; }; AA0000000000000000000017 = { isa = PBXFileReference; path = "Xcode/SphereView360/Info.plist"; sourceTree = SOURCE_ROOT; lastKnownFileType = "text.plist.xml"; }; AA0000000000000000000018 = { isa = PBXFileReference; path = "Xcode/SphereView360PhotosExtension/Info.plist"; sourceTree = SOURCE_ROOT; lastKnownFileType = "text.plist.xml"; }; AA0000000000000000000019 = { isa = PBXFileReference; path = "Xcode/SphereView360ShareExtension/Info.plist"; sourceTree = SOURCE_ROOT; lastKnownFileType = "text.plist.xml"; }; AA0000000000000000000020 = { isa = PBXFileReference; path = "Xcode/SphereView360iOS/Info.plist"; sourceTree = SOURCE_ROOT; lastKnownFileType = "text.plist.xml"; }; AA0000000000000000000021 = { isa = PBXFileReference; path = "Xcode/SphereView360iOSShareExtension/Info.plist"; sourceTree = SOURCE_ROOT; lastKnownFileType = "text.plist.xml"; }; AA0000000000000000000022 = { isa = PBXFileReference; path = "System/Library/Frameworks/AVFoundation.framework"; sourceTree = SDKROOT; name = "AVFoundation.framework"; lastKnownFileType = "wrapper.framework"; }; AA0000000000000000000023 = { isa = PBXFileReference; path = "System/Library/Frameworks/SceneKit.framework"; sourceTree = SDKROOT; name = "SceneKit.framework"; lastKnownFileType = "wrapper.framework"; }; AA0000000000000000000024 = { isa = PBXFileReference; path = "System/Library/Frameworks/CoreServices.framework"; sourceTree = SDKROOT; name = "CoreServices.framework"; lastKnownFileType = "wrapper.framework"; }; AA0000000000000000000025 = { isa = PBXFileReference; path = "System/Library/Frameworks/Photos.framework"; sourceTree = SDKROOT; name = "Photos.framework"; lastKnownFileType = "wrapper.framework"; }; AA0000000000000000000026 = { isa = PBXFileReference; path = "System/Library/Frameworks/PhotosUI.framework"; sourceTree = SDKROOT; name = "PhotosUI.framework"; lastKnownFileType = "wrapper.framework"; }; AA0000000000000000000027 = { isa = PBXFileReference; path = "SphereView360.app"; sourceTree = BUILT_PRODUCTS_DIR; includeInIndex = 0; explicitFileType = "wrapper.application"; }; AA0000000000000000000028 = { isa = PBXFileReference; path = "SphereView360PhotosExtension.appex"; sourceTree = BUILT_PRODUCTS_DIR; includeInIndex = 0; explicitFileType = "wrapper.app-extension"; }; AA0000000000000000000029 = { isa = PBXFileReference; path = "SphereView360ShareExtension.appex"; sourceTree = BUILT_PRODUCTS_DIR; includeInIndex = 0; explicitFileType = "wrapper.app-extension"; }; AA0000000000000000000030 = { isa = PBXFileReference; path = "SphereView360iOS.app"; sourceTree = BUILT_PRODUCTS_DIR; includeInIndex = 0; explicitFileType = "wrapper.application"; }; AA0000000000000000000031 = { isa = PBXFileReference; path = "SphereView360iOSShareExtension.appex"; sourceTree = BUILT_PRODUCTS_DIR; includeInIndex = 0; explicitFileType = "wrapper.app-extension"; }; AA0000000000000000000032 = { isa = PBXGroup; children = ( AA0000000000000000000001, AA0000000000000000000002, AA0000000000000000000003, AA0000000000000000000004, AA0000000000000000000005, AA0000000000000000000006, AA0000000000000000000007, AA0000000000000000000008, AA0000000000000000000009, AA0000000000000000000010, AA0000000000000000000011, AA0000000000000000000012 ); name = Sources; sourceTree = "<group>"; }; AA0000000000000000000033 = { isa = PBXGroup; children = ( AA0000000000000000000013, AA0000000000000000000014, AA0000000000000000000015, AA0000000000000000000016, AA0000000000000000000017, AA0000000000000000000018, AA0000000000000000000019, AA0000000000000000000020, AA0000000000000000000021 ); name = Xcode; sourceTree = "<group>"; }; AA0000000000000000000034 = { isa = PBXGroup; children = ( AA0000000000000000000022, AA0000000000000000000023, AA0000000000000000000024, AA0000000000000000000025, AA0000000000000000000026 ); name = Frameworks; sourceTree = "<group>"; }; AA0000000000000000000035 = { isa = PBXGroup; children = ( AA0000000000000000000027, AA0000000000000000000028, AA0000000000000000000029, AA0000000000000000000030, AA0000000000000000000031 ); name = Products; sourceTree = "<group>"; }; AA0000000000000000000036 = { isa = PBXGroup; children = ( AA0000000000000000000032, AA0000000000000000000033, AA0000000000000000000034, AA0000000000000000000035 ); name = Main; sourceTree = "<group>"; }; AA0000000000000000000037 = { isa = PBXBuildFile; fileRef = AA0000000000000000000013; }; AA0000000000000000000038 = { isa = PBXBuildFile; fileRef = AA0000000000000000000012; }; AA0000000000000000000039 = { isa = PBXBuildFile; fileRef = AA0000000000000000000022; }; AA0000000000000000000040 = { isa = PBXBuildFile; fileRef = AA0000000000000000000023; }; AA0000000000000000000041 = { isa = PBXBuildFile; fileRef = AA0000000000000000000025; }; AA0000000000000000000042 = { isa = PBXBuildFile; fileRef = AA0000000000000000000026; }; AA0000000000000000000043 = { isa = PBXSourcesBuildPhase; buildActionMask = 2147483647; files = ( AA0000000000000000000037, AA0000000000000000000038 ); runOnlyForDeploymentPostprocessing = 0; }; AA0000000000000000000044 = { isa = PBXFrameworksBuildPhase; buildActionMask = 2147483647; files = ( AA0000000000000000000039, AA0000000000000000000040, AA0000000000000000000041, AA0000000000000000000042 ); runOnlyForDeploymentPostprocessing = 0; }; AA0000000000000000000045 = { isa = XCBuildConfiguration; buildSettings = { CODE_SIGN_IDENTITY = "-"; CODE_SIGN_STYLE = Manual; CURRENT_PROJECT_VERSION = 1; GENERATE_INFOPLIST_FILE = NO; INFOPLIST_FILE = "Xcode/SphereView360PhotosExtension/Info.plist"; MARKETING_VERSION = "0.1.0"; PRODUCT_BUNDLE_IDENTIFIER = "dev.local.SphereView360.PhotosExtension"; PRODUCT_NAME = "$(TARGET_NAME)"; SWIFT_VERSION = "6.0"; MACOSX_DEPLOYMENT_TARGET = "14.0"; SDKROOT = macosx; SUPPORTED_PLATFORMS = macosx; APPLICATION_EXTENSION_API_ONLY = YES; ENABLE_APP_SANDBOX = YES; ENABLE_USER_SELECTED_FILES = readonly; LD_RUNPATH_SEARCH_PATHS = "$(inherited) @executable_path/../Frameworks @executable_path/../../../../Frameworks"; SKIP_INSTALL = YES; COPY_PHASE_STRIP = NO; DEBUG_INFORMATION_FORMAT = dwarf; ENABLE_TESTABILITY = YES; GCC_OPTIMIZATION_LEVEL = 0; ONLY_ACTIVE_ARCH = YES; SWIFT_ACTIVE_COMPILATION_CONDITIONS = DEBUG; SWIFT_OPTIMIZATION_LEVEL = "-Onone"; }; name = Debug; }; AA0000000000000000000046 = { isa = XCBuildConfiguration; buildSettings = { CODE_SIGN_IDENTITY = "-"; CODE_SIGN_STYLE = Manual; CURRENT_PROJECT_VERSION = 1; GENERATE_INFOPLIST_FILE = NO; INFOPLIST_FILE = "Xcode/SphereView360PhotosExtension/Info.plist"; MARKETING_VERSION = "0.1.0"; PRODUCT_BUNDLE_IDENTIFIER = "dev.local.SphereView360.PhotosExtension"; PRODUCT_NAME = "$(TARGET_NAME)"; SWIFT_VERSION = "6.0"; MACOSX_DEPLOYMENT_TARGET = "14.0"; SDKROOT = macosx; SUPPORTED_PLATFORMS = macosx; APPLICATION_EXTENSION_API_ONLY = YES; ENABLE_APP_SANDBOX = YES; ENABLE_USER_SELECTED_FILES = readonly; LD_RUNPATH_SEARCH_PATHS = "$(inherited) @executable_path/../Frameworks @executable_path/../../../../Frameworks"; SKIP_INSTALL = YES; COPY_PHASE_STRIP = NO; DEBUG_INFORMATION_FORMAT = "dwarf-with-dsym"; ENABLE_NS_ASSERTIONS = NO; SWIFT_COMPILATION_MODE = wholemodule; SWIFT_OPTIMIZATION_LEVEL = "-O"; }; name = Release; }; AA0000000000000000000047 = { isa = XCConfigurationList; buildConfigurations = ( AA0000000000000000000045, AA0000000000000000000046 ); defaultConfigurationIsVisible = 0; defaultConfigurationName = Debug; }; AA0000000000000000000048 = { isa = PBXNativeTarget; buildConfigurationList = AA0000000000000000000047; buildPhases = ( AA0000000000000000000043, AA0000000000000000000044 ); buildRules = (  ); dependencies = (  ); name = SphereView360PhotosExtension; productName = SphereView360PhotosExtension; productReference = AA0000000000000000000028; productType = "com.apple.product-type.app-extension"; }; AA0000000000000000000049 = { isa = PBXBuildFile; fileRef = AA0000000000000000000014; }; AA0000000000000000000050 = { isa = PBXBuildFile; fileRef = AA0000000000000000000009; }; AA0000000000000000000051 = { isa = PBXBuildFile; fileRef = AA0000000000000000000012; }; AA0000000000000000000052 = { isa = PBXBuildFile; fileRef = AA0000000000000000000022; }; AA0000000000000000000053 = { isa = PBXBuildFile; fileRef = AA0000000000000000000023; }; AA0000000000000000000054 = { isa = PBXSourcesBuildPhase; buildActionMask = 2147483647; files = ( AA0000000000000000000049, AA0000000000000000000050, AA0000000000000000000051 ); runOnlyForDeploymentPostprocessing = 0; }; AA0000000000000000000055 = { isa = PBXFrameworksBuildPhase; buildActionMask = 2147483647; files = ( AA0000000000000000000052, AA0000000000000000000053 ); runOnlyForDeploymentPostprocessing = 0; }; AA0000000000000000000056 = { isa = XCBuildConfiguration; buildSettings = { CODE_SIGN_IDENTITY = "-"; CODE_SIGN_STYLE = Manual; CURRENT_PROJECT_VERSION = 1; GENERATE_INFOPLIST_FILE = NO; INFOPLIST_FILE = "Xcode/SphereView360ShareExtension/Info.plist"; MARKETING_VERSION = "0.1.0"; PRODUCT_BUNDLE_IDENTIFIER = "dev.local.SphereView360.ShareExtension"; PRODUCT_NAME = "$(TARGET_NAME)"; SWIFT_VERSION = "6.0"; MACOSX_DEPLOYMENT_TARGET = "14.0"; SDKROOT = macosx; SUPPORTED_PLATFORMS = macosx; APPLICATION_EXTENSION_API_ONLY = YES; ENABLE_APP_SANDBOX = YES; ENABLE_USER_SELECTED_FILES = readonly; LD_RUNPATH_SEARCH_PATHS = "$(inherited) @executable_path/../Frameworks @executable_path/../../../../Frameworks"; SKIP_INSTALL = YES; COPY_PHASE_STRIP = NO; DEBUG_INFORMATION_FORMAT = dwarf; ENABLE_TESTABILITY = YES; GCC_OPTIMIZATION_LEVEL = 0; ONLY_ACTIVE_ARCH = YES; SWIFT_ACTIVE_COMPILATION_CONDITIONS = DEBUG; SWIFT_OPTIMIZATION_LEVEL = "-Onone"; }; name = Debug; }; AA0000000000000000000057 = { isa = XCBuildConfiguration; buildSettings = { CODE_SIGN_IDENTITY = "-"; CODE_SIGN_STYLE = Manual; CURRENT_PROJECT_VERSION = 1; GENERATE_INFOPLIST_FILE = NO; INFOPLIST_FILE = "Xcode/SphereView360ShareExtension/Info.plist"; MARKETING_VERSION = "0.1.0"; PRODUCT_BUNDLE_IDENTIFIER = "dev.local.SphereView360.ShareExtension"; PRODUCT_NAME = "$(TARGET_NAME)"; SWIFT_VERSION = "6.0"; MACOSX_DEPLOYMENT_TARGET = "14.0"; SDKROOT = macosx; SUPPORTED_PLATFORMS = macosx; APPLICATION_EXTENSION_API_ONLY = YES; ENABLE_APP_SANDBOX = YES; ENABLE_USER_SELECTED_FILES = readonly; LD_RUNPATH_SEARCH_PATHS = "$(inherited) @executable_path/../Frameworks @executable_path/../../../../Frameworks"; SKIP_INSTALL = YES; COPY_PHASE_STRIP = NO; DEBUG_INFORMATION_FORMAT = "dwarf-with-dsym"; ENABLE_NS_ASSERTIONS = NO; SWIFT_COMPILATION_MODE = wholemodule; SWIFT_OPTIMIZATION_LEVEL = "-O"; }; name = Release; }; AA0000000000000000000058 = { isa = XCConfigurationList; buildConfigurations = ( AA0000000000000000000056, AA0000000000000000000057 ); defaultConfigurationIsVisible = 0; defaultConfigurationName = Debug; }; AA0000000000000000000059 = { isa = PBXNativeTarget; buildConfigurationList = AA0000000000000000000058; buildPhases = ( AA0000000000000000000054, AA0000000000000000000055 ); buildRules = (  ); dependencies = (  ); name = SphereView360ShareExtension; productName = SphereView360ShareExtension; productReference = AA0000000000000000000029; productType = "com.apple.product-type.app-extension"; }; AA0000000000000000000060 = { isa = PBXBuildFile; fileRef = AA0000000000000000000001; }; AA0000000000000000000061 = { isa = PBXBuildFile; fileRef = AA0000000000000000000002; }; AA0000000000000000000062 = { isa = PBXBuildFile; fileRef = AA0000000000000000000005; }; AA0000000000000000000063 = { isa = PBXBuildFile; fileRef = AA0000000000000000000006; }; AA0000000000000000000064 = { isa = PBXBuildFile; fileRef = AA0000000000000000000007; }; AA0000000000000000000065 = { isa = PBXBuildFile; fileRef = AA0000000000000000000010; }; AA0000000000000000000066 = { isa = PBXBuildFile; fileRef = AA0000000000000000000011; }; AA0000000000000000000067 = { isa = PBXBuildFile; fileRef = AA0000000000000000000003; }; AA0000000000000000000068 = { isa = PBXBuildFile; fileRef = AA0000000000000000000004; }; AA0000000000000000000069 = { isa = PBXBuildFile; fileRef = AA0000000000000000000008; }; AA0000000000000000000070 = { isa = PBXBuildFile; fileRef = AA0000000000000000000009; }; AA0000000000000000000071 = { isa = PBXBuildFile; fileRef = AA0000000000000000000012; }; AA0000000000000000000072 = { isa = PBXBuildFile; fileRef = AA0000000000000000000022; }; AA0000000000000000000073 = { isa = PBXBuildFile; fileRef = AA0000000000000000000023; }; AA0000000000000000000074 = { isa = PBXBuildFile; fileRef = AA0000000000000000000024; }; AA0000000000000000000075 = { isa = PBXSourcesBuildPhase; buildActionMask = 2147483647; files = ( AA0000000000000000000060, AA0000000000000000000061, AA0000000000000000000062, AA0000000000000000000063, AA0000000000000000000064, AA0000000000000000000065, AA0000000000000000000066, AA0000000000000000000067, AA0000000000000000000068, AA0000000000000000000069, AA0000000000000000000070, AA0000000000000000000071 ); runOnlyForDeploymentPostprocessing = 0; }; AA0000000000000000000076 = { isa = PBXFrameworksBuildPhase; buildActionMask = 2147483647; files = ( AA0000000000000000000072, AA0000000000000000000073, AA0000000000000000000074 ); runOnlyForDeploymentPostprocessing = 0; }; AA0000000000000000000077 = { isa = PBXBuildFile; fileRef = AA0000000000000000000028; settings = { ATTRIBUTES = ( CodeSignOnCopy, RemoveHeadersOnCopy ); }; }; AA0000000000000000000078 = { isa = PBXBuildFile; fileRef = AA0000000000000000000029; settings = { ATTRIBUTES = ( CodeSignOnCopy, RemoveHeadersOnCopy ); }; }; AA0000000000000000000079 = { isa = PBXCopyFilesBuildPhase; buildActionMask = 2147483647; dstPath = ""; dstSubfolderSpec = 13; files = ( AA0000000000000000000077, AA0000000000000000000078 ); name = "Embed App Extensions"; runOnlyForDeploymentPostprocessing = 0; }; AA0000000000000000000080 = { isa = PBXContainerItemProxy; containerPortal = AA0000000000000000000122; proxyType = 1; remoteGlobalIDString = AA0000000000000000000048; remoteInfo = SphereView360PhotosExtension; }; AA0000000000000000000081 = { isa = PBXTargetDependency; target = AA0000000000000000000048; targetProxy = AA0000000000000000000080; }; AA0000000000000000000082 = { isa = PBXContainerItemProxy; containerPortal = AA0000000000000000000122; proxyType = 1; remoteGlobalIDString = AA0000000000000000000059; remoteInfo = SphereView360ShareExtension; }; AA0000000000000000000083 = { isa = PBXTargetDependency; target = AA0000000000000000000059; targetProxy = AA0000000000000000000082; }; AA0000000000000000000084 = { isa = XCBuildConfiguration; buildSettings = { CODE_SIGN_IDENTITY = "-"; CODE_SIGN_STYLE = Manual; CURRENT_PROJECT_VERSION = 1; GENERATE_INFOPLIST_FILE = NO; INFOPLIST_FILE = "Xcode/SphereView360/Info.plist"; MARKETING_VERSION = "0.1.0"; PRODUCT_BUNDLE_IDENTIFIER = "dev.local.SphereView360"; PRODUCT_NAME = "$(TARGET_NAME)"; SWIFT_VERSION = "6.0"; MACOSX_DEPLOYMENT_TARGET = "14.0"; SDKROOT = macosx; SUPPORTED_PLATFORMS = macosx; ENABLE_APP_SANDBOX = NO; LD_RUNPATH_SEARCH_PATHS = "$(inherited) @executable_path/../Frameworks"; COPY_PHASE_STRIP = NO; DEBUG_INFORMATION_FORMAT = dwarf; ENABLE_TESTABILITY = YES; GCC_OPTIMIZATION_LEVEL = 0; ONLY_ACTIVE_ARCH = YES; SWIFT_ACTIVE_COMPILATION_CONDITIONS = DEBUG; SWIFT_OPTIMIZATION_LEVEL = "-Onone"; }; name = Debug; }; AA0000000000000000000085 = { isa = XCBuildConfiguration; buildSettings = { CODE_SIGN_IDENTITY = "-"; CODE_SIGN_STYLE = Manual; CURRENT_PROJECT_VERSION = 1; GENERATE_INFOPLIST_FILE = NO; INFOPLIST_FILE = "Xcode/SphereView360/Info.plist"; MARKETING_VERSION = "0.1.0"; PRODUCT_BUNDLE_IDENTIFIER = "dev.local.SphereView360"; PRODUCT_NAME = "$(TARGET_NAME)"; SWIFT_VERSION = "6.0"; MACOSX_DEPLOYMENT_TARGET = "14.0"; SDKROOT = macosx; SUPPORTED_PLATFORMS = macosx; ENABLE_APP_SANDBOX = NO; LD_RUNPATH_SEARCH_PATHS = "$(inherited) @executable_path/../Frameworks"; COPY_PHASE_STRIP = NO; DEBUG_INFORMATION_FORMAT = "dwarf-with-dsym"; ENABLE_NS_ASSERTIONS = NO; SWIFT_COMPILATION_MODE = wholemodule; SWIFT_OPTIMIZATION_LEVEL = "-O"; }; name = Release; }; AA0000000000000000000086 = { isa = XCConfigurationList; buildConfigurations = ( AA0000000000000000000084, AA0000000000000000000085 ); defaultConfigurationIsVisible = 0; defaultConfigurationName = Debug; }; AA0000000000000000000087 = { isa = PBXNativeTarget; buildConfigurationList = AA0000000000000000000086; buildPhases = ( AA0000000000000000000075, AA0000000000000000000076, AA0000000000000000000079 ); buildRules = (  ); dependencies = ( AA0000000000000000000081, AA0000000000000000000083 ); name = SphereView360; productName = SphereView360; productReference = AA0000000000000000000027; productType = "com.apple.product-type.application"; }; AA0000000000000000000088 = { isa = PBXBuildFile; fileRef = AA0000000000000000000014; }; AA0000000000000000000089 = { isa = PBXBuildFile; fileRef = AA0000000000000000000009; }; AA0000000000000000000090 = { isa = PBXBuildFile; fileRef = AA0000000000000000000012; }; AA0000000000000000000091 = { isa = PBXBuildFile; fileRef = AA0000000000000000000022; }; AA0000000000000000000092 = { isa = PBXBuildFile; fileRef = AA0000000000000000000023; }; AA0000000000000000000093 = { isa = PBXSourcesBuildPhase; buildActionMask = 2147483647; files = ( AA0000000000000000000088, AA0000000000000000000089, AA0000000000000000000090 ); runOnlyForDeploymentPostprocessing = 0; }; AA0000000000000000000094 = { isa = PBXFrameworksBuildPhase; buildActionMask = 2147483647; files = ( AA0000000000000000000091, AA0000000000000000000092 ); runOnlyForDeploymentPostprocessing = 0; }; AA0000000000000000000095 = { isa = XCBuildConfiguration; buildSettings = { CODE_SIGN_IDENTITY = "-"; CODE_SIGN_STYLE = Manual; CURRENT_PROJECT_VERSION = 1; GENERATE_INFOPLIST_FILE = NO; INFOPLIST_FILE = "Xcode/SphereView360iOSShareExtension/Info.plist"; MARKETING_VERSION = "0.1.0"; PRODUCT_BUNDLE_IDENTIFIER = "dev.local.SphereView360.mobile.ShareExtension"; PRODUCT_NAME = "$(TARGET_NAME)"; SWIFT_VERSION = "6.0"; IPHONEOS_DEPLOYMENT_TARGET = "17.0"; SDKROOT = iphoneos; SUPPORTED_PLATFORMS = "iphoneos iphonesimulator"; TARGETED_DEVICE_FAMILY = "1,2"; APPLICATION_EXTENSION_API_ONLY = YES; LD_RUNPATH_SEARCH_PATHS = "$(inherited) @executable_path/Frameworks @executable_path/../../Frameworks"; SKIP_INSTALL = YES; COPY_PHASE_STRIP = NO; DEBUG_INFORMATION_FORMAT = dwarf; ENABLE_TESTABILITY = YES; GCC_OPTIMIZATION_LEVEL = 0; ONLY_ACTIVE_ARCH = YES; SWIFT_ACTIVE_COMPILATION_CONDITIONS = DEBUG; SWIFT_OPTIMIZATION_LEVEL = "-Onone"; }; name = Debug; }; AA0000000000000000000096 = { isa = XCBuildConfiguration; buildSettings = { CODE_SIGN_IDENTITY = "-"; CODE_SIGN_STYLE = Manual; CURRENT_PROJECT_VERSION = 1; GENERATE_INFOPLIST_FILE = NO; INFOPLIST_FILE = "Xcode/SphereView360iOSShareExtension/Info.plist"; MARKETING_VERSION = "0.1.0"; PRODUCT_BUNDLE_IDENTIFIER = "dev.local.SphereView360.mobile.ShareExtension"; PRODUCT_NAME = "$(TARGET_NAME)"; SWIFT_VERSION = "6.0"; IPHONEOS_DEPLOYMENT_TARGET = "17.0"; SDKROOT = iphoneos; SUPPORTED_PLATFORMS = "iphoneos iphonesimulator"; TARGETED_DEVICE_FAMILY = "1,2"; APPLICATION_EXTENSION_API_ONLY = YES; LD_RUNPATH_SEARCH_PATHS = "$(inherited) @executable_path/Frameworks @executable_path/../../Frameworks"; SKIP_INSTALL = YES; COPY_PHASE_STRIP = NO; DEBUG_INFORMATION_FORMAT = "dwarf-with-dsym"; ENABLE_NS_ASSERTIONS = NO; SWIFT_COMPILATION_MODE = wholemodule; SWIFT_OPTIMIZATION_LEVEL = "-O"; }; name = Release; }; AA0000000000000000000097 = { isa = XCConfigurationList; buildConfigurations = ( AA0000000000000000000095, AA0000000000000000000096 ); defaultConfigurationIsVisible = 0; defaultConfigurationName = Debug; }; AA0000000000000000000098 = { isa = PBXNativeTarget; buildConfigurationList = AA0000000000000000000097; buildPhases = ( AA0000000000000000000093, AA0000000000000000000094 ); buildRules = (  ); dependencies = (  ); name = SphereView360iOSShareExtension; productName = SphereView360iOSShareExtension; productReference = AA0000000000000000000031; productType = "com.apple.product-type.app-extension"; }; AA0000000000000000000099 = { isa = PBXBuildFile; fileRef = AA0000000000000000000015; }; AA0000000000000000000100 = { isa = PBXBuildFile; fileRef = AA0000000000000000000016; }; AA0000000000000000000101 = { isa = PBXBuildFile; fileRef = AA0000000000000000000003; }; AA0000000000000000000102 = { isa = PBXBuildFile; fileRef = AA0000000000000000000004; }; AA0000000000000000000103 = { isa = PBXBuildFile; fileRef = AA0000000000000000000008; }; AA0000000000000000000104 = { isa = PBXBuildFile; fileRef = AA0000000000000000000009; }; AA0000000000000000000105 = { isa = PBXBuildFile; fileRef = AA0000000000000000000012; }; AA0000000000000000000106 = { isa = PBXBuildFile; fileRef = AA0000000000000000000022; }; AA0000000000000000000107 = { isa = PBXBuildFile; fileRef = AA0000000000000000000023; }; AA0000000000000000000108 = { isa = PBXBuildFile; fileRef = AA0000000000000000000026; }; AA0000000000000000000109 = { isa = PBXSourcesBuildPhase; buildActionMask = 2147483647; files = ( AA0000000000000000000099, AA0000000000000000000100, AA0000000000000000000101, AA0000000000000000000102, AA0000000000000000000103, AA0000000000000000000104, AA0000000000000000000105 ); runOnlyForDeploymentPostprocessing = 0; }; AA0000000000000000000110 = { isa = PBXFrameworksBuildPhase; buildActionMask = 2147483647; files = ( AA0000000000000000000106, AA0000000000000000000107, AA0000000000000000000108 ); runOnlyForDeploymentPostprocessing = 0; }; AA0000000000000000000111 = { isa = PBXBuildFile; fileRef = AA0000000000000000000031; settings = { ATTRIBUTES = ( CodeSignOnCopy, RemoveHeadersOnCopy ); }; }; AA0000000000000000000112 = { isa = PBXCopyFilesBuildPhase; buildActionMask = 2147483647; dstPath = ""; dstSubfolderSpec = 13; files = ( AA0000000000000000000111 ); name = "Embed App Extensions"; runOnlyForDeploymentPostprocessing = 0; }; AA0000000000000000000113 = { isa = PBXContainerItemProxy; containerPortal = AA0000000000000000000122; proxyType = 1; remoteGlobalIDString = AA0000000000000000000098; remoteInfo = SphereView360iOSShareExtension; }; AA0000000000000000000114 = { isa = PBXTargetDependency; target = AA0000000000000000000098; targetProxy = AA0000000000000000000113; }; AA0000000000000000000115 = { isa = XCBuildConfiguration; buildSettings = { CODE_SIGN_IDENTITY = "-"; CODE_SIGN_STYLE = Manual; CURRENT_PROJECT_VERSION = 1; GENERATE_INFOPLIST_FILE = NO; INFOPLIST_FILE = "Xcode/SphereView360iOS/Info.plist"; MARKETING_VERSION = "0.1.0"; PRODUCT_BUNDLE_IDENTIFIER = "dev.local.SphereView360.mobile"; PRODUCT_NAME = "$(TARGET_NAME)"; SWIFT_VERSION = "6.0"; IPHONEOS_DEPLOYMENT_TARGET = "17.0"; SDKROOT = iphoneos; SUPPORTED_PLATFORMS = "iphoneos iphonesimulator"; TARGETED_DEVICE_FAMILY = "1,2"; LD_RUNPATH_SEARCH_PATHS = "$(inherited) @executable_path/Frameworks"; COPY_PHASE_STRIP = NO; DEBUG_INFORMATION_FORMAT = dwarf; ENABLE_TESTABILITY = YES; GCC_OPTIMIZATION_LEVEL = 0; ONLY_ACTIVE_ARCH = YES; SWIFT_ACTIVE_COMPILATION_CONDITIONS = DEBUG; SWIFT_OPTIMIZATION_LEVEL = "-Onone"; }; name = Debug; }; AA0000000000000000000116 = { isa = XCBuildConfiguration; buildSettings = { CODE_SIGN_IDENTITY = "-"; CODE_SIGN_STYLE = Manual; CURRENT_PROJECT_VERSION = 1; GENERATE_INFOPLIST_FILE = NO; INFOPLIST_FILE = "Xcode/SphereView360iOS/Info.plist"; MARKETING_VERSION = "0.1.0"; PRODUCT_BUNDLE_IDENTIFIER = "dev.local.SphereView360.mobile"; PRODUCT_NAME = "$(TARGET_NAME)"; SWIFT_VERSION = "6.0"; IPHONEOS_DEPLOYMENT_TARGET = "17.0"; SDKROOT = iphoneos; SUPPORTED_PLATFORMS = "iphoneos iphonesimulator"; TARGETED_DEVICE_FAMILY = "1,2"; LD_RUNPATH_SEARCH_PATHS = "$(inherited) @executable_path/Frameworks"; COPY_PHASE_STRIP = NO; DEBUG_INFORMATION_FORMAT = "dwarf-with-dsym"; ENABLE_NS_ASSERTIONS = NO; SWIFT_COMPILATION_MODE = wholemodule; SWIFT_OPTIMIZATION_LEVEL = "-O"; }; name = Release; }; AA0000000000000000000117 = { isa = XCConfigurationList; buildConfigurations = ( AA0000000000000000000115, AA0000000000000000000116 ); defaultConfigurationIsVisible = 0; defaultConfigurationName = Debug; }; AA0000000000000000000118 = { isa = PBXNativeTarget; buildConfigurationList = AA0000000000000000000117; buildPhases = ( AA0000000000000000000109, AA0000000000000000000110, AA0000000000000000000112 ); buildRules = (  ); dependencies = ( AA0000000000000000000114 ); name = SphereView360iOS; productName = SphereView360iOS; productReference = AA0000000000000000000030; productType = "com.apple.product-type.application"; }; AA0000000000000000000119 = { isa = XCBuildConfiguration; buildSettings = { ALWAYS_SEARCH_USER_PATHS = NO; CLANG_ENABLE_MODULES = YES; CLANG_ENABLE_OBJC_ARC = YES; ENABLE_STRICT_OBJC_MSGSEND = YES; GCC_NO_COMMON_BLOCKS = YES; SWIFT_VERSION = "6.0"; COPY_PHASE_STRIP = NO; DEBUG_INFORMATION_FORMAT = dwarf; ENABLE_TESTABILITY = YES; GCC_OPTIMIZATION_LEVEL = 0; ONLY_ACTIVE_ARCH = YES; SWIFT_ACTIVE_COMPILATION_CONDITIONS = DEBUG; SWIFT_OPTIMIZATION_LEVEL = "-Onone"; }; name = Debug; }; AA0000000000000000000120 = { isa = XCBuildConfiguration; buildSettings = { ALWAYS_SEARCH_USER_PATHS = NO; CLANG_ENABLE_MODULES = YES; CLANG_ENABLE_OBJC_ARC = YES; ENABLE_STRICT_OBJC_MSGSEND = YES; GCC_NO_COMMON_BLOCKS = YES; SWIFT_VERSION = "6.0"; COPY_PHASE_STRIP = NO; DEBUG_INFORMATION_FORMAT = "dwarf-with-dsym"; ENABLE_NS_ASSERTIONS = NO; SWIFT_COMPILATION_MODE = wholemodule; SWIFT_OPTIMIZATION_LEVEL = "-O"; }; name = Release; }; AA0000000000000000000121 = { isa = XCConfigurationList; buildConfigurations = ( AA0000000000000000000119, AA0000000000000000000120 ); defaultConfigurationIsVisible = 0; defaultConfigurationName = Debug; }; AA0000000000000000000122 = { isa = PBXProject; attributes = { BuildIndependentTargetsInParallel = 1; LastSwiftUpdateCheck = 2600; LastUpgradeCheck = 2600; TargetAttributes = { AA0000000000000000000087 = { CreatedOnToolsVersion = "26.0"; ProvisioningStyle = Manual; }; AA0000000000000000000048 = { CreatedOnToolsVersion = "26.0"; ProvisioningStyle = Manual; }; AA0000000000000000000059 = { CreatedOnToolsVersion = "26.0"; ProvisioningStyle = Manual; }; AA0000000000000000000118 = { CreatedOnToolsVersion = "26.0"; ProvisioningStyle = Manual; }; AA0000000000000000000098 = { CreatedOnToolsVersion = "26.0"; ProvisioningStyle = Manual; }; }; }; buildConfigurationList = AA0000000000000000000121; compatibilityVersion = "Xcode 15.0"; developmentRegion = en; hasScannedForEncodings = 0; knownRegions = ( en, Base ); mainGroup = AA0000000000000000000036; productRefGroup = AA0000000000000000000035; projectDirPath = ""; projectRoot = ""; targets = ( AA0000000000000000000087, AA0000000000000000000048, AA0000000000000000000059, AA0000000000000000000118, AA0000000000000000000098 ); }; }; rootObject = AA0000000000000000000122; }